
Microsoft Visual Studio Solution File, Format Version 12.00
# Visual Studio 15
VisualStudioVersion = 15.0.28307.168
MinimumVisualStudioVersion = 10.0.40219.1
Project("{FAE04EC0-301F-11D3-BF4B-00C04F79EFBC}") = "Minesweeper", "MinesweeperSolver\Minesweeper.csproj", "{043567AB-8587-4193-BEDD-269B92669D9B}"
EndProject
Project("{FAE04EC0-301F-11D3-BF4B-00C04F79EFBC}") = "Minesweeper.Game", "Minesweeper.Game\Minesweeper.Game.csproj", "{C800E3F6-AEB8-4CA6-842E-E3839CEB61BB}"
EndProject
Global
	GlobalSection(SolutionConfigurationPlatforms) = preSolution
		Debug|Any CPU = Debug|Any CPU
		Release|Any CPU = Release|Any CPU
	EndGlobalSection
	GlobalSection(ProjectConfigurationPlatforms) = postSolution
		{043567AB-8587-4193-BEDD-269B92669D9B}.Debug|Any CPU.ActiveCfg = Debug|Any CPU
		{043567AB-8587-4193-BEDD-269B92669D9B}.Debug|Any CPU.Build.0 = Debug|Any CPU
		{043567AB-8587-4193-BEDD-269B92669D9B}.Release|Any CPU.ActiveCfg = Release|Any CPU
		{043567AB-8587-4193-BEDD-269B92669D9B}.Release|Any CPU.Build.0 = Release|Any CPU
		{C800E3F6-AEB8-4CA6-842E-E3839CEB61BB}.Debug|Any CPU.ActiveCfg = Debug|Any CPU
		{C800E3F6-AEB8-4CA6-842E-E3839CEB61BB}.Debug|Any CPU.Build.0 = Debug|Any CPU
		{C800E3F6-AEB8-4CA6-842E-E3839CEB61BB}.Release|Any CPU.ActiveCfg = Release|Any CPU
		{C800E3F6-AEB8-4CA6-842E-E3839CEB61BB}.Release|Any CPU.Build.0 = Release|Any CPU
	EndGlobalSection
	GlobalSection(SolutionProperties) = preSolution
		HideSolutionNode = FALSE
	EndGlobalSection
	GlobalSection(ExtensibilityGlobals) = postSolution
		SolutionGuid = {237452CA-8FFE-4680-878E-6DB7309CEBD8}
	EndGlobalSection
EndGlobal
